{
  "name": "sketchy-3d",
  "version": "0.1.0",
  "lockfileVersion": 1,
  "requires": true,
  "dependencies": {
    "@dank-inc/sketchy": {
      "version": "0.14.1",
      "resolved": "https://registry.npmjs.org/@dank-inc/sketchy/-/sketchy-0.14.1.tgz",
      "integrity": "sha512-+sH60QwFtW+6LHaOFM2GOrIUUEDnsrEM7lxam3YBSYiIkTIKLJ5ZeTYq7fSZz9GXWEnFs4DMKyc5nnvMmzEBRw=="
    },
    "@types/node": {
      "version": "14.14.37",
      "resolved": "https://registry.npmjs.org/@types/node/-/node-14.14.37.tgz",
      "integrity": "sha512-XYmBiy+ohOR4Lh5jE379fV2IU+6Jn4g5qASinhitfyO71b/sCo6MKsMLF5tc7Zf2CE8hViVQyYSobJNke8OvUw==",
      "dev": true
    },
    "@types/three": {
      "version": "0.127.1",
      "resolved": "https://registry.npmjs.org/@types/three/-/three-0.127.1.tgz",
      "integrity": "sha512-e90iYq3zde3axANg7BPZY0fKrez1AzveamIIFk23PMh9WtCx91geokDy+yEAIymdIldgUpvezAP6+zCV3oekXw==",
      "dev": true
    },
    "postprocessing": {
      "version": "6.21.3",
      "resolved": "https://registry.npmjs.org/postprocessing/-/postprocessing-6.21.3.tgz",
      "integrity": "sha512-EC7JTfU9+P4c5usQpemmfWUqYRguoCrgpdNuTc+j5rT//C2dOXuCI3JKYgEzBMMRm8f1QMYAEpKu+YZ4TddOpA=="
    },
    "three": {
      "version": "0.127.0",
      "resolved": "https://registry.npmjs.org/three/-/three-0.127.0.tgz",
      "integrity": "sha512-wtgrn+mhYUbobxT7QN3GPdu3SRpSBQvwY6uOzLChWS7QE//f7paDU/+wlzbg+ngeIvBBqjBHSRuywTh8A99Jng=="
    },
    "typescript": {
      "version": "4.2.4",
      "resolved": "https://registry.npmjs.org/typescript/-/typescript-4.2.4.tgz",
      "integrity": "sha512-V+evlYHZnQkaz8TRBuxTA92yZBPotr5H+WhQ7bD3hZUndx5tGOa1fuCgeSjxAzM1RiN5IzvadIXTVefuuwZCRg==",
      "dev": true
    }
  }
}
